<?xml version="1.0" encoding="utf-8"?>
<Project ToolsVersion="4.0" xmlns="http://schemas.microsoft.com/developer/msbuild/2003">
  <ItemGroup>
    <Filter Include="Source Files">
      <UniqueIdentifier>{c6dc5232-61ea-4062-afbc-56a0a3275c51}</UniqueIdentifier>
      <Extensions>cpp;c;cxx;rc;def;r;odl;idl;hpj;bat</Extensions>
    </Filter>
    <Filter Include="Header Files">
      <UniqueIdentifier>{35766d12-f6d5-40bd-88f8-33d473adc0fd}</UniqueIdentifier>
      <Extensions>h;hpp;hxx;hm;inl</Extensions>
    </Filter>
    <Filter Include="Resource Files">
      <UniqueIdentifier>{4ad203e3-0b8b-4336-8d44-23f6a2575adb}</UniqueIdentifier>
      <Extensions>ico;cur;bmp;dlg;rc2;rct;bin;rgs;gif;jpg;jpeg;jpe</Extensions>
    </Filter>
  </ItemGroup>
  <ItemGroup>
    <ClCompile Include="DemoInfo.cpp">
      <Filter>Source Files</Filter>
    </ClCompile>
    <ClCompile Include="GLView.cpp">
      <Filter>Source Files</Filter>
    </ClCompile>
    <ClCompile Include="MainFrm.cpp">
      <Filter>Source Files</Filter>
    </ClCompile>
    <ClCompile Include="MeshTestbed.cpp">
      <Filter>Source Files</Filter>
    </ClCompile>
    <ClCompile Include="MeshTestbedDoc.cpp">
      <Filter>Source Files</Filter>
    </ClCompile>
    <ClCompile Include="MeshTestbedView.cpp">
      <Filter>Source Files</Filter>
    </ClCompile>
    <ClCompile Include="SolidSTL.cpp">
      <Filter>Source Files</Filter>
    </ClCompile>
    <ClCompile Include="SolidSTL_Builder.cpp">
      <Filter>Source Files</Filter>
    </ClCompile>
    <ClCompile Include="SolidSTL_Viewer.cpp">
      <Filter>Source Files</Filter>
    </ClCompile>
    <ClCompile Include="StdAfx.cpp">
      <Filter>Source Files</Filter>
    </ClCompile>
    <ClCompile Include="TransMatrix.cpp">
      <Filter>Source Files</Filter>
    </ClCompile>
    <ClCompile Include="Triangle.cpp">
      <Filter>Source Files</Filter>
    </ClCompile>
    <ClCompile Include="Vertex.cpp">
      <Filter>Source Files</Filter>
    </ClCompile>
  </ItemGroup>
  <ItemGroup>
    <ResourceCompile Include="MeshTestbed.rc">
      <Filter>Source Files</Filter>
    </ResourceCompile>
  </ItemGroup>
  <ItemGroup>
    <ClInclude Include="DemoInfo.h">
      <Filter>Header Files</Filter>
    </ClInclude>
    <ClInclude Include="GLView.h">
      <Filter>Header Files</Filter>
    </ClInclude>
    <ClInclude Include="MainFrm.h">
      <Filter>Header Files</Filter>
    </ClInclude>
    <ClInclude Include="MeshTestbed.h">
      <Filter>Header Files</Filter>
    </ClInclude>
    <ClInclude Include="MeshTestbedDoc.h">
      <Filter>Header Files</Filter>
    </ClInclude>
    <ClInclude Include="MeshTestbedView.h">
      <Filter>Header Files</Filter>
    </ClInclude>
    <ClInclude Include="Resource.h">
      <Filter>Header Files</Filter>
    </ClInclude>
    <ClInclude Include="SolidSTL.h">
      <Filter>Header Files</Filter>
    </ClInclude>
    <ClInclude Include="SolidSTL_Builder.h">
      <Filter>Header Files</Filter>
    </ClInclude>
    <ClInclude Include="SolidSTL_Viewer.h">
      <Filter>Header Files</Filter>
    </ClInclude>
    <ClInclude Include="StdAfx.h">
      <Filter>Header Files</Filter>
    </ClInclude>
    <ClInclude Include="TransMatrix.h">
      <Filter>Header Files</Filter>
    </ClInclude>
    <ClInclude Include="Triangle.h">
      <Filter>Header Files</Filter>
    </ClInclude>
    <ClInclude Include="Vertex.h">
      <Filter>Header Files</Filter>
    </ClInclude>
  </ItemGroup>
  <ItemGroup>
    <Image Include="res\MeshTestbed.ico">
      <Filter>Resource Files</Filter>
    </Image>
    <Image Include="res\MeshTestbedDoc.ico">
      <Filter>Resource Files</Filter>
    </Image>
    <Image Include="res\Toolbar.bmp">
      <Filter>Resource Files</Filter>
    </Image>
    <Image Include="res\toolbar1.bmp">
      <Filter>Resource Files</Filter>
    </Image>
  </ItemGroup>
  <ItemGroup>
    <Text Include="ReadMe.txt" />
  </ItemGroup>
  <ItemGroup>
    <CustomBuild Include="res\MeshTestbed.rc2">
      <Filter>Resource Files</Filter>
    </CustomBuild>
  </ItemGroup>
</Project>